
Microsoft Visual Studio Solution File, Format Version 12.00
# Visual Studio Version 17
VisualStudioVersion = 17.13.35931.197
MinimumVisualStudioVersion = 10.0.40219.1
Project("{FAE04EC0-301F-11D3-BF4B-00C04F79EFBC}") = "CloudStates.API", "src\CloudStates.API\CloudStates.API.csproj", "{D0989A30-7362-4E37-B02A-0F1136D7CEC5}"
EndProject
Project("{E53339B2-1760-4266-BCC7-CA923CBCF16C}") = "CloudStates.DockerCompose", "src\CloudStates.DockerCompose\CloudStates.DockerCompose.dcproj", "{81DDED9D-158B-E303-5F62-77A2896D2A5A}"
EndProject
Global
	GlobalSection(SolutionConfigurationPlatforms) = preSolution
		Debug|Any CPU = Debug|Any CPU
		Release|Any CPU = Release|Any CPU
	EndGlobalSection
	GlobalSection(ProjectConfigurationPlatforms) = postSolution
		{D0989A30-7362-4E37-B02A-0F1136D7CEC5}.Debug|Any CPU.ActiveCfg = Debug|Any CPU
		{D0989A30-7362-4E37-B02A-0F1136D7CEC5}.Debug|Any CPU.Build.0 = Debug|Any CPU
		{D0989A30-7362-4E37-B02A-0F1136D7CEC5}.Release|Any CPU.ActiveCfg = Release|Any CPU
		{D0989A30-7362-4E37-B02A-0F1136D7CEC5}.Release|Any CPU.Build.0 = Release|Any CPU
		{81DDED9D-158B-E303-5F62-77A2896D2A5A}.Debug|Any CPU.ActiveCfg = Debug|Any CPU
		{81DDED9D-158B-E303-5F62-77A2896D2A5A}.Debug|Any CPU.Build.0 = Debug|Any CPU
		{81DDED9D-158B-E303-5F62-77A2896D2A5A}.Release|Any CPU.ActiveCfg = Release|Any CPU
		{81DDED9D-158B-E303-5F62-77A2896D2A5A}.Release|Any CPU.Build.0 = Release|Any CPU
	EndGlobalSection
	GlobalSection(SolutionProperties) = preSolution
		HideSolutionNode = FALSE
	EndGlobalSection
	GlobalSection(ExtensibilityGlobals) = postSolution
		SolutionGuid = {1BDB2924-E6CD-47A2-B0CF-22A9F62B45F3}
	EndGlobalSection
EndGlobal
